
Microsoft Visual Studio Solution File, Format Version 12.00
Project("{FAE04EC0-301F-11D3-BF4B-00C04F79EFBC}") = "Whisky.Tasting.API", "Whisky.Tasting.API\Whisky.Tasting.API.csproj", "{B354DCC3-9621-4984-A845-83E582C4E113}"
EndProject
Project("{FAE04EC0-301F-11D3-BF4B-00C04F79EFBC}") = "Whisky.Tasting.Application", "Whisky.Tasting.Application\Whisky.Tasting.Application.csproj", "{1B75C278-5C88-4467-AF82-5D03E85174F4}"
EndProject
Project("{FAE04EC0-301F-11D3-BF4B-00C04F79EFBC}") = "Whisky.Tasting.Domain", "Whisky.Tasting.Domain\Whisky.Tasting.Domain.csproj", "{AC6A25E9-14D6-4E50-BBB3-D011CE64D0F0}"
EndProject
Project("{FAE04EC0-301F-11D3-BF4B-00C04F79EFBC}") = "Whisky.Tasting.Infrastructure", "Whisky.Tasting.Infrastructure\Whisky.Tasting.Infrastructure.csproj", "{B17B3BC2-A6C7-40EC-B0EB-71FBA5C9BD6B}"
EndProject
Global
	GlobalSection(SolutionConfigurationPlatforms) = preSolution
		Debug|Any CPU = Debug|Any CPU
		Release|Any CPU = Release|Any CPU
	EndGlobalSection
	GlobalSection(ProjectConfigurationPlatforms) = postSolution
		{B354DCC3-9621-4984-A845-83E582C4E113}.Debug|Any CPU.ActiveCfg = Debug|Any CPU
		{B354DCC3-9621-4984-A845-83E582C4E113}.Debug|Any CPU.Build.0 = Debug|Any CPU
		{B354DCC3-9621-4984-A845-83E582C4E113}.Release|Any CPU.ActiveCfg = Release|Any CPU
		{B354DCC3-9621-4984-A845-83E582C4E113}.Release|Any CPU.Build.0 = Release|Any CPU
		{1B75C278-5C88-4467-AF82-5D03E85174F4}.Debug|Any CPU.ActiveCfg = Debug|Any CPU
		{1B75C278-5C88-4467-AF82-5D03E85174F4}.Debug|Any CPU.Build.0 = Debug|Any CPU
		{1B75C278-5C88-4467-AF82-5D03E85174F4}.Release|Any CPU.ActiveCfg = Release|Any CPU
		{1B75C278-5C88-4467-AF82-5D03E85174F4}.Release|Any CPU.Build.0 = Release|Any CPU
		{AC6A25E9-14D6-4E50-BBB3-D011CE64D0F0}.Debug|Any CPU.ActiveCfg = Debug|Any CPU
		{AC6A25E9-14D6-4E50-BBB3-D011CE64D0F0}.Debug|Any CPU.Build.0 = Debug|Any CPU
		{AC6A25E9-14D6-4E50-BBB3-D011CE64D0F0}.Release|Any CPU.ActiveCfg = Release|Any CPU
		{AC6A25E9-14D6-4E50-BBB3-D011CE64D0F0}.Release|Any CPU.Build.0 = Release|Any CPU
		{B17B3BC2-A6C7-40EC-B0EB-71FBA5C9BD6B}.Debug|Any CPU.ActiveCfg = Debug|Any CPU
		{B17B3BC2-A6C7-40EC-B0EB-71FBA5C9BD6B}.Debug|Any CPU.Build.0 = Debug|Any CPU
		{B17B3BC2-A6C7-40EC-B0EB-71FBA5C9BD6B}.Release|Any CPU.ActiveCfg = Release|Any CPU
		{B17B3BC2-A6C7-40EC-B0EB-71FBA5C9BD6B}.Release|Any CPU.Build.0 = Release|Any CPU
	EndGlobalSection
EndGlobal
